
Microsoft Visual Studio Solution File, Format Version 12.00
# Visual Studio Version 17
VisualStudioVersion = 17.2.32616.157
MinimumVisualStudioVersion = 10.0.40219.1
Project("{FAE04EC0-301F-11D3-BF4B-00C04F79EFBC}") = "VenexaExchangeForm", "VenexaExchangeForm.csproj", "{254C13BC-7FA5-4155-BF9B-972831B6D62B}"
EndProject
Global
	GlobalSection(SolutionConfigurationPlatforms) = preSolution
		Debug|Any CPU = Debug|Any CPU
		Release|Any CPU = Release|Any CPU
	EndGlobalSection
	GlobalSection(ProjectConfigurationPlatforms) = postSolution
		{254C13BC-7FA5-4155-BF9B-972831B6D62B}.Debug|Any CPU.ActiveCfg = Debug|Any CPU
		{254C13BC-7FA5-4155-BF9B-972831B6D62B}.Debug|Any CPU.Build.0 = Debug|Any CPU
		{254C13BC-7FA5-4155-BF9B-972831B6D62B}.Release|Any CPU.ActiveCfg = Release|Any CPU
		{254C13BC-7FA5-4155-BF9B-972831B6D62B}.Release|Any CPU.Build.0 = Release|Any CPU
	EndGlobalSection
	GlobalSection(SolutionProperties) = preSolution
		HideSolutionNode = FALSE
	EndGlobalSection
	GlobalSection(ExtensibilityGlobals) = postSolution
		SolutionGuid = {E2298975-F19F-4A52-8A93-E069962BCA3E}
	EndGlobalSection
EndGlobal
